
Microsoft Visual Studio Solution File, Format Version 12.00
# Visual Studio Version 17
VisualStudioVersion = 17.7.34018.315
MinimumVisualStudioVersion = 10.0.40219.1
Project("{9A19103F-16F7-4668-BE54-9A1E7A4F7556}") = "InventoryTracking", "InventoryTracking\InventoryTracking.csproj", "{1C3199A8-2745-4955-A224-46A400CF111F}"
EndProject
Project("{FAE04EC0-301F-11D3-BF4B-00C04F79EFBC}") = "entity", "entity\entity.csproj", "{408BB3C5-7AA7-4E65-B860-C9E5A75B0658}"
EndProject
Project("{FAE04EC0-301F-11D3-BF4B-00C04F79EFBC}") = "business", "business\business.csproj", "{B1F371E4-9E29-4CD3-B99D-D125750907E3}"
EndProject
Project("{FAE04EC0-301F-11D3-BF4B-00C04F79EFBC}") = "data", "data\data.csproj", "{90BA0D0E-AB6D-4CAE-BCF7-81D0770A933C}"
EndProject
Global
	GlobalSection(SolutionConfigurationPlatforms) = preSolution
		Debug|Any CPU = Debug|Any CPU
		Release|Any CPU = Release|Any CPU
	EndGlobalSection
	GlobalSection(ProjectConfigurationPlatforms) = postSolution
		{1C3199A8-2745-4955-A224-46A400CF111F}.Debug|Any CPU.ActiveCfg = Debug|Any CPU
		{1C3199A8-2745-4955-A224-46A400CF111F}.Debug|Any CPU.Build.0 = Debug|Any CPU
		{1C3199A8-2745-4955-A224-46A400CF111F}.Release|Any CPU.ActiveCfg = Release|Any CPU
		{1C3199A8-2745-4955-A224-46A400CF111F}.Release|Any CPU.Build.0 = Release|Any CPU
		{408BB3C5-7AA7-4E65-B860-C9E5A75B0658}.Debug|Any CPU.ActiveCfg = Debug|Any CPU
		{408BB3C5-7AA7-4E65-B860-C9E5A75B0658}.Debug|Any CPU.Build.0 = Debug|Any CPU
		{408BB3C5-7AA7-4E65-B860-C9E5A75B0658}.Release|Any CPU.ActiveCfg = Release|Any CPU
		{408BB3C5-7AA7-4E65-B860-C9E5A75B0658}.Release|Any CPU.Build.0 = Release|Any CPU
		{B1F371E4-9E29-4CD3-B99D-D125750907E3}.Debug|Any CPU.ActiveCfg = Debug|Any CPU
		{B1F371E4-9E29-4CD3-B99D-D125750907E3}.Debug|Any CPU.Build.0 = Debug|Any CPU
		{B1F371E4-9E29-4CD3-B99D-D125750907E3}.Release|Any CPU.ActiveCfg = Release|Any CPU
		{B1F371E4-9E29-4CD3-B99D-D125750907E3}.Release|Any CPU.Build.0 = Release|Any CPU
		{90BA0D0E-AB6D-4CAE-BCF7-81D0770A933C}.Debug|Any CPU.ActiveCfg = Debug|Any CPU
		{90BA0D0E-AB6D-4CAE-BCF7-81D0770A933C}.Debug|Any CPU.Build.0 = Debug|Any CPU
		{90BA0D0E-AB6D-4CAE-BCF7-81D0770A933C}.Release|Any CPU.ActiveCfg = Release|Any CPU
		{90BA0D0E-AB6D-4CAE-BCF7-81D0770A933C}.Release|Any CPU.Build.0 = Release|Any CPU
	EndGlobalSection
	GlobalSection(SolutionProperties) = preSolution
		HideSolutionNode = FALSE
	EndGlobalSection
	GlobalSection(ExtensibilityGlobals) = postSolution
		SolutionGuid = {430B80F8-3B29-406A-96CD-80B66B1AD2BC}
	EndGlobalSection
EndGlobal
